
Microsoft Visual Studio Solution File, Format Version 12.00
# Visual Studio 15
VisualStudioVersion = 15.0.28010.2050
MinimumVisualStudioVersion = 10.0.40219.1
Project("{FAE04EC0-301F-11D3-BF4B-00C04F79EFBC}") = "Opdracht1", "Opdracht1\Opdracht1.csproj", "{9BFADFCE-1E93-44DC-9F20-4B1081F0C0E7}"
EndProject
Project("{FAE04EC0-301F-11D3-BF4B-00C04F79EFBC}") = "Opdracht2", "Opdracht2\Opdracht2.csproj", "{84E46275-C070-4FF0-9EC6-C765FFF78410}"
EndProject
Global
	GlobalSection(SolutionConfigurationPlatforms) = preSolution
		Debug|Any CPU = Debug|Any CPU
		Release|Any CPU = Release|Any CPU
	EndGlobalSection
	GlobalSection(ProjectConfigurationPlatforms) = postSolution
		{9BFADFCE-1E93-44DC-9F20-4B1081F0C0E7}.Debug|Any CPU.ActiveCfg = Debug|Any CPU
		{9BFADFCE-1E93-44DC-9F20-4B1081F0C0E7}.Debug|Any CPU.Build.0 = Debug|Any CPU
		{9BFADFCE-1E93-44DC-9F20-4B1081F0C0E7}.Release|Any CPU.ActiveCfg = Release|Any CPU
		{9BFADFCE-1E93-44DC-9F20-4B1081F0C0E7}.Release|Any CPU.Build.0 = Release|Any CPU
		{84E46275-C070-4FF0-9EC6-C765FFF78410}.Debug|Any CPU.ActiveCfg = Debug|Any CPU
		{84E46275-C070-4FF0-9EC6-C765FFF78410}.Debug|Any CPU.Build.0 = Debug|Any CPU
		{84E46275-C070-4FF0-9EC6-C765FFF78410}.Release|Any CPU.ActiveCfg = Release|Any CPU
		{84E46275-C070-4FF0-9EC6-C765FFF78410}.Release|Any CPU.Build.0 = Release|Any CPU
	EndGlobalSection
	GlobalSection(SolutionProperties) = preSolution
		HideSolutionNode = FALSE
	EndGlobalSection
	GlobalSection(ExtensibilityGlobals) = postSolution
		SolutionGuid = {BB768DC2-8725-4594-B532-D18E9FB94F4E}
	EndGlobalSection
EndGlobal
